
Microsoft Visual Studio Solution File, Format Version 12.00
# Visual Studio 15
VisualStudioVersion = 15.0.27428.2043
MinimumVisualStudioVersion = 10.0.40219.1
Project("{FAE04EC0-301F-11D3-BF4B-00C04F79EFBC}") = "Face", "Face\Face.csproj", "{B78E8114-B467-4F74-912A-5BABE858ADB2}"
EndProject
Project("{FAE04EC0-301F-11D3-BF4B-00C04F79EFBC}") = "Webcam", "Webcam\Webcam.csproj", "{5D1477D2-6408-4EBA-A3A5-5B792B51F5EC}"
EndProject
Project("{FAE04EC0-301F-11D3-BF4B-00C04F79EFBC}") = "Photo", "Photo\Photo.csproj", "{4C480CBC-C4BA-474A-8341-539B53F0297F}"
EndProject
Global
	GlobalSection(SolutionConfigurationPlatforms) = preSolution
		Debug|Any CPU = Debug|Any CPU
		Release|Any CPU = Release|Any CPU
	EndGlobalSection
	GlobalSection(ProjectConfigurationPlatforms) = postSolution
		{B78E8114-B467-4F74-912A-5BABE858ADB2}.Debug|Any CPU.ActiveCfg = Debug|Any CPU
		{B78E8114-B467-4F74-912A-5BABE858ADB2}.Debug|Any CPU.Build.0 = Debug|Any CPU
		{B78E8114-B467-4F74-912A-5BABE858ADB2}.Release|Any CPU.ActiveCfg = Release|Any CPU
		{B78E8114-B467-4F74-912A-5BABE858ADB2}.Release|Any CPU.Build.0 = Release|Any CPU
		{5D1477D2-6408-4EBA-A3A5-5B792B51F5EC}.Debug|Any CPU.ActiveCfg = Debug|Any CPU
		{5D1477D2-6408-4EBA-A3A5-5B792B51F5EC}.Debug|Any CPU.Build.0 = Debug|Any CPU
		{5D1477D2-6408-4EBA-A3A5-5B792B51F5EC}.Release|Any CPU.ActiveCfg = Release|Any CPU
		{5D1477D2-6408-4EBA-A3A5-5B792B51F5EC}.Release|Any CPU.Build.0 = Release|Any CPU
		{4C480CBC-C4BA-474A-8341-539B53F0297F}.Debug|Any CPU.ActiveCfg = Debug|Any CPU
		{4C480CBC-C4BA-474A-8341-539B53F0297F}.Debug|Any CPU.Build.0 = Debug|Any CPU
		{4C480CBC-C4BA-474A-8341-539B53F0297F}.Release|Any CPU.ActiveCfg = Release|Any CPU
		{4C480CBC-C4BA-474A-8341-539B53F0297F}.Release|Any CPU.Build.0 = Release|Any CPU
	EndGlobalSection
	GlobalSection(SolutionProperties) = preSolution
		HideSolutionNode = FALSE
	EndGlobalSection
	GlobalSection(ExtensibilityGlobals) = postSolution
		SolutionGuid = {2C2B0299-C364-4ABC-A362-46E3F51CD029}
	EndGlobalSection
EndGlobal
